
Microsoft Visual Studio Solution File, Format Version 12.00
# Visual Studio Version 17
VisualStudioVersion = 17.0.31903.59
MinimumVisualStudioVersion = 10.0.40219.1
Project("{2150E333-8FDC-42A3-9474-1A3956D46DE8}") = "apps", "apps", "{1787FE1D-075E-9E68-7218-25F1BD1BBEAB}"
EndProject
Project("{2150E333-8FDC-42A3-9474-1A3956D46DE8}") = "windows", "windows", "{524A62EC-EBA4-0E97-529B-DA23001F75A0}"
EndProject
Project("{2150E333-8FDC-42A3-9474-1A3956D46DE8}") = "src", "src", "{86AFEE66-6A65-942E-CCFF-6760224DB0E6}"
EndProject
Project("{FAE04EC0-301F-11D3-BF4B-00C04F79EFBC}") = "KeyClick.Core", "apps\windows\src\KeyClick.Core\KeyClick.Core.csproj", "{1B3C4221-64A2-4E3C-8FB0-4E64BC676453}"
EndProject
Project("{FAE04EC0-301F-11D3-BF4B-00C04F79EFBC}") = "KeyClick.Infrastructure.Windows", "apps\windows\src\KeyClick.Infrastructure.Windows\KeyClick.Infrastructure.Windows.csproj", "{96B0CA9D-A45B-443A-A2C3-F1435CBCACA5}"
EndProject
Project("{FAE04EC0-301F-11D3-BF4B-00C04F79EFBC}") = "KeyClick.App", "apps\windows\src\KeyClick.App\KeyClick.App.csproj", "{F9DF3FAD-66F1-42A0-B241-487BD183CF06}"
EndProject
Project("{FAE04EC0-301F-11D3-BF4B-00C04F79EFBC}") = "KeyClick.Bootstrap", "apps\windows\src\KeyClick.Bootstrap\KeyClick.Bootstrap.csproj", "{17F52E45-F4D4-43BE-82B9-BB3351EBDD2C}"
EndProject
Project("{FAE04EC0-301F-11D3-BF4B-00C04F79EFBC}") = "KeyClick.Updater", "apps\windows\src\KeyClick.Updater\KeyClick.Updater.csproj", "{AA94A4A1-46D2-4CC8-B694-D50DF73182C7}"
EndProject
Project("{2150E333-8FDC-42A3-9474-1A3956D46DE8}") = "tests", "tests", "{B906464B-077F-A020-F76D-9BF2FF788DFB}"
EndProject
Project("{FAE04EC0-301F-11D3-BF4B-00C04F79EFBC}") = "KeyClick.Tests", "apps\windows\tests\KeyClick.Tests\KeyClick.Tests.csproj", "{9843687A-6DD4-4678-B754-B7C6EB459A9E}"
EndProject
Global
	GlobalSection(SolutionConfigurationPlatforms) = preSolution
		Debug|Any CPU = Debug|Any CPU
		Debug|x64 = Debug|x64
		Debug|x86 = Debug|x86
		Release|Any CPU = Release|Any CPU
		Release|x64 = Release|x64
		Release|x86 = Release|x86
	EndGlobalSection
	GlobalSection(ProjectConfigurationPlatforms) = postSolution
		{1B3C4221-64A2-4E3C-8FB0-4E64BC676453}.Debug|Any CPU.ActiveCfg = Debug|Any CPU
		{1B3C4221-64A2-4E3C-8FB0-4E64BC676453}.Debug|Any CPU.Build.0 = Debug|Any CPU
		{1B3C4221-64A2-4E3C-8FB0-4E64BC676453}.Debug|x64.ActiveCfg = Debug|Any CPU
		{1B3C4221-64A2-4E3C-8FB0-4E64BC676453}.Debug|x64.Build.0 = Debug|Any CPU
		{1B3C4221-64A2-4E3C-8FB0-4E64BC676453}.Debug|x86.ActiveCfg = Debug|Any CPU
		{1B3C4221-64A2-4E3C-8FB0-4E64BC676453}.Debug|x86.Build.0 = Debug|Any CPU
		{1B3C4221-64A2-4E3C-8FB0-4E64BC676453}.Release|Any CPU.ActiveCfg = Release|Any CPU
		{1B3C4221-64A2-4E3C-8FB0-4E64BC676453}.Release|Any CPU.Build.0 = Release|Any CPU
		{1B3C4221-64A2-4E3C-8FB0-4E64BC676453}.Release|x64.ActiveCfg = Release|Any CPU
		{1B3C4221-64A2-4E3C-8FB0-4E64BC676453}.Release|x64.Build.0 = Release|Any CPU
		{1B3C4221-64A2-4E3C-8FB0-4E64BC676453}.Release|x86.ActiveCfg = Release|Any CPU
		{1B3C4221-64A2-4E3C-8FB0-4E64BC676453}.Release|x86.Build.0 = Release|Any CPU
		{96B0CA9D-A45B-443A-A2C3-F1435CBCACA5}.Debug|Any CPU.ActiveCfg = Debug|Any CPU
		{96B0CA9D-A45B-443A-A2C3-F1435CBCACA5}.Debug|Any CPU.Build.0 = Debug|Any CPU
		{96B0CA9D-A45B-443A-A2C3-F1435CBCACA5}.Debug|x64.ActiveCfg = Debug|Any CPU
		{96B0CA9D-A45B-443A-A2C3-F1435CBCACA5}.Debug|x64.Build.0 = Debug|Any CPU
		{96B0CA9D-A45B-443A-A2C3-F1435CBCACA5}.Debug|x86.ActiveCfg = Debug|Any CPU
		{96B0CA9D-A45B-443A-A2C3-F1435CBCACA5}.Debug|x86.Build.0 = Debug|Any CPU
		{96B0CA9D-A45B-443A-A2C3-F1435CBCACA5}.Release|Any CPU.ActiveCfg = Release|Any CPU
		{96B0CA9D-A45B-443A-A2C3-F1435CBCACA5}.Release|Any CPU.Build.0 = Release|Any CPU
		{96B0CA9D-A45B-443A-A2C3-F1435CBCACA5}.Release|x64.ActiveCfg = Release|Any CPU
		{96B0CA9D-A45B-443A-A2C3-F1435CBCACA5}.Release|x64.Build.0 = Release|Any CPU
		{96B0CA9D-A45B-443A-A2C3-F1435CBCACA5}.Release|x86.ActiveCfg = Release|Any CPU
		{96B0CA9D-A45B-443A-A2C3-F1435CBCACA5}.Release|x86.Build.0 = Release|Any CPU
		{F9DF3FAD-66F1-42A0-B241-487BD183CF06}.Debug|Any CPU.ActiveCfg = Debug|Any CPU
		{F9DF3FAD-66F1-42A0-B241-487BD183CF06}.Debug|Any CPU.Build.0 = Debug|Any CPU
		{F9DF3FAD-66F1-42A0-B241-487BD183CF06}.Debug|x64.ActiveCfg = Debug|Any CPU
		{F9DF3FAD-66F1-42A0-B241-487BD183CF06}.Debug|x64.Build.0 = Debug|Any CPU
		{F9DF3FAD-66F1-42A0-B241-487BD183CF06}.Debug|x86.ActiveCfg = Debug|Any CPU
		{F9DF3FAD-66F1-42A0-B241-487BD183CF06}.Debug|x86.Build.0 = Debug|Any CPU
		{F9DF3FAD-66F1-42A0-B241-487BD183CF06}.Release|Any CPU.ActiveCfg = Release|Any CPU
		{F9DF3FAD-66F1-42A0-B241-487BD183CF06}.Release|Any CPU.Build.0 = Release|Any CPU
		{F9DF3FAD-66F1-42A0-B241-487BD183CF06}.Release|x64.ActiveCfg = Release|Any CPU
		{F9DF3FAD-66F1-42A0-B241-487BD183CF06}.Release|x64.Build.0 = Release|Any CPU
		{F9DF3FAD-66F1-42A0-B241-487BD183CF06}.Release|x86.ActiveCfg = Release|Any CPU
		{F9DF3FAD-66F1-42A0-B241-487BD183CF06}.Release|x86.Build.0 = Release|Any CPU
		{17F52E45-F4D4-43BE-82B9-BB3351EBDD2C}.Debug|Any CPU.ActiveCfg = Debug|Any CPU
		{17F52E45-F4D4-43BE-82B9-BB3351EBDD2C}.Debug|Any CPU.Build.0 = Debug|Any CPU
		{17F52E45-F4D4-43BE-82B9-BB3351EBDD2C}.Debug|x64.ActiveCfg = Debug|Any CPU
		{17F52E45-F4D4-43BE-82B9-BB3351EBDD2C}.Debug|x64.Build.0 = Debug|Any CPU
		{17F52E45-F4D4-43BE-82B9-BB3351EBDD2C}.Debug|x86.ActiveCfg = Debug|Any CPU
		{17F52E45-F4D4-43BE-82B9-BB3351EBDD2C}.Debug|x86.Build.0 = Debug|Any CPU
		{17F52E45-F4D4-43BE-82B9-BB3351EBDD2C}.Release|Any CPU.ActiveCfg = Release|Any CPU
		{17F52E45-F4D4-43BE-82B9-BB3351EBDD2C}.Release|Any CPU.Build.0 = Release|Any CPU
		{17F52E45-F4D4-43BE-82B9-BB3351EBDD2C}.Release|x64.ActiveCfg = Release|Any CPU
		{17F52E45-F4D4-43BE-82B9-BB3351EBDD2C}.Release|x64.Build.0 = Release|Any CPU
		{17F52E45-F4D4-43BE-82B9-BB3351EBDD2C}.Release|x86.ActiveCfg = Release|Any CPU
		{17F52E45-F4D4-43BE-82B9-BB3351EBDD2C}.Release|x86.Build.0 = Release|Any CPU
		{AA94A4A1-46D2-4CC8-B694-D50DF73182C7}.Debug|Any CPU.ActiveCfg = Debug|Any CPU
		{AA94A4A1-46D2-4CC8-B694-D50DF73182C7}.Debug|Any CPU.Build.0 = Debug|Any CPU
		{AA94A4A1-46D2-4CC8-B694-D50DF73182C7}.Debug|x64.ActiveCfg = Debug|Any CPU
		{AA94A4A1-46D2-4CC8-B694-D50DF73182C7}.Debug|x64.Build.0 = Debug|Any CPU
		{AA94A4A1-46D2-4CC8-B694-D50DF73182C7}.Debug|x86.ActiveCfg = Debug|Any CPU
		{AA94A4A1-46D2-4CC8-B694-D50DF73182C7}.Debug|x86.Build.0 = Debug|Any CPU
		{AA94A4A1-46D2-4CC8-B694-D50DF73182C7}.Release|Any CPU.ActiveCfg = Release|Any CPU
		{AA94A4A1-46D2-4CC8-B694-D50DF73182C7}.Release|Any CPU.Build.0 = Release|Any CPU
		{AA94A4A1-46D2-4CC8-B694-D50DF73182C7}.Release|x64.ActiveCfg = Release|Any CPU
		{AA94A4A1-46D2-4CC8-B694-D50DF73182C7}.Release|x64.Build.0 = Release|Any CPU
		{AA94A4A1-46D2-4CC8-B694-D50DF73182C7}.Release|x86.ActiveCfg = Release|Any CPU
		{AA94A4A1-46D2-4CC8-B694-D50DF73182C7}.Release|x86.Build.0 = Release|Any CPU
		{9843687A-6DD4-4678-B754-B7C6EB459A9E}.Debug|Any CPU.ActiveCfg = Debug|Any CPU
		{9843687A-6DD4-4678-B754-B7C6EB459A9E}.Debug|Any CPU.Build.0 = Debug|Any CPU
		{9843687A-6DD4-4678-B754-B7C6EB459A9E}.Debug|x64.ActiveCfg = Debug|Any CPU
		{9843687A-6DD4-4678-B754-B7C6EB459A9E}.Debug|x64.Build.0 = Debug|Any CPU
		{9843687A-6DD4-4678-B754-B7C6EB459A9E}.Debug|x86.ActiveCfg = Debug|Any CPU
		{9843687A-6DD4-4678-B754-B7C6EB459A9E}.Debug|x86.Build.0 = Debug|Any CPU
		{9843687A-6DD4-4678-B754-B7C6EB459A9E}.Release|Any CPU.ActiveCfg = Release|Any CPU
		{9843687A-6DD4-4678-B754-B7C6EB459A9E}.Release|Any CPU.Build.0 = Release|Any CPU
		{9843687A-6DD4-4678-B754-B7C6EB459A9E}.Release|x64.ActiveCfg = Release|Any CPU
		{9843687A-6DD4-4678-B754-B7C6EB459A9E}.Release|x64.Build.0 = Release|Any CPU
		{9843687A-6DD4-4678-B754-B7C6EB459A9E}.Release|x86.ActiveCfg = Release|Any CPU
		{9843687A-6DD4-4678-B754-B7C6EB459A9E}.Release|x86.Build.0 = Release|Any CPU
	EndGlobalSection
	GlobalSection(SolutionProperties) = preSolution
		HideSolutionNode = FALSE
	EndGlobalSection
	GlobalSection(NestedProjects) = preSolution
		{524A62EC-EBA4-0E97-529B-DA23001F75A0} = {1787FE1D-075E-9E68-7218-25F1BD1BBEAB}
		{86AFEE66-6A65-942E-CCFF-6760224DB0E6} = {524A62EC-EBA4-0E97-529B-DA23001F75A0}
		{1B3C4221-64A2-4E3C-8FB0-4E64BC676453} = {86AFEE66-6A65-942E-CCFF-6760224DB0E6}
		{96B0CA9D-A45B-443A-A2C3-F1435CBCACA5} = {86AFEE66-6A65-942E-CCFF-6760224DB0E6}
		{F9DF3FAD-66F1-42A0-B241-487BD183CF06} = {86AFEE66-6A65-942E-CCFF-6760224DB0E6}
		{17F52E45-F4D4-43BE-82B9-BB3351EBDD2C} = {86AFEE66-6A65-942E-CCFF-6760224DB0E6}
		{AA94A4A1-46D2-4CC8-B694-D50DF73182C7} = {86AFEE66-6A65-942E-CCFF-6760224DB0E6}
		{B906464B-077F-A020-F76D-9BF2FF788DFB} = {524A62EC-EBA4-0E97-529B-DA23001F75A0}
		{9843687A-6DD4-4678-B754-B7C6EB459A9E} = {B906464B-077F-A020-F76D-9BF2FF788DFB}
	EndGlobalSection
EndGlobal
